
Microsoft Visual Studio Solution File, Format Version 12.00
# Visual Studio Version 17
VisualStudioVersion = 17.10.35013.160
MinimumVisualStudioVersion = 10.0.40219.1
Project("{9A19103F-16F7-4668-BE54-9A1E7A4F7556}") = "ChainTracker", "ChainTracker\ChainTracker.csproj", "{9C21EB4C-4359-4CAD-9620-5A2A2417E6DB}"
EndProject
Project("{9A19103F-16F7-4668-BE54-9A1E7A4F7556}") = "ChainTracker.AppHost", "ChainTracker.AppHost\ChainTracker.AppHost.csproj", "{F5AB7D2F-B03A-43DE-947D-303F8EA81FA3}"
EndProject
Project("{9A19103F-16F7-4668-BE54-9A1E7A4F7556}") = "ChainTracker.ServiceDefaults", "ChainTracker.ServiceDefaults\ChainTracker.ServiceDefaults.csproj", "{ECFFBC33-D30E-4570-A974-747378826251}"
EndProject
Project("{2150E333-8FDC-42A3-9474-1A3956D46DE8}") = "Microservices", "Microservices", "{F0A3266E-2B4B-4702-BBF9-391147DF0202}"
EndProject
Project("{9A19103F-16F7-4668-BE54-9A1E7A4F7556}") = "Blocks", "Blocks\Blocks.csproj", "{ACE52CA6-7EDA-47CE-9471-363755BDFE93}"
EndProject
Project("{9A19103F-16F7-4668-BE54-9A1E7A4F7556}") = "Transactions", "Transactions\Transactions.csproj", "{65A57780-E2DC-4161-923C-21D0CCE2FEDA}"
EndProject
Project("{9A19103F-16F7-4668-BE54-9A1E7A4F7556}") = "Contracts", "Contracts\Contracts.csproj", "{4669CA2A-8E26-4DBA-9FD4-B44C60198520}"
EndProject
Project("{9A19103F-16F7-4668-BE54-9A1E7A4F7556}") = "Addresses", "Addresses\Addresses.csproj", "{128EC837-5F43-4A81-9A0C-87435AB0F5A2}"
EndProject
Project("{9A19103F-16F7-4668-BE54-9A1E7A4F7556}") = "API", "API\API.csproj", "{D6936624-13C7-47EF-B9D2-C1FD24F4721C}"
EndProject
Project("{9A19103F-16F7-4668-BE54-9A1E7A4F7556}") = "Tokens", "Tokens\Tokens.csproj", "{68713B90-023E-4199-AEA7-7479FF9C2F1A}"
EndProject
Project("{2150E333-8FDC-42A3-9474-1A3956D46DE8}") = "Элементы решения", "Элементы решения", "{885A87D9-294E-4045-AB82-0A4030F01B1C}"
	ProjectSection(SolutionItems) = preProject
		docker-compose.yml = docker-compose.yml
	EndProjectSection
EndProject
Global
	GlobalSection(SolutionConfigurationPlatforms) = preSolution
		Debug|Any CPU = Debug|Any CPU
		Release|Any CPU = Release|Any CPU
	EndGlobalSection
	GlobalSection(ProjectConfigurationPlatforms) = postSolution
		{9C21EB4C-4359-4CAD-9620-5A2A2417E6DB}.Debug|Any CPU.ActiveCfg = Debug|Any CPU
		{9C21EB4C-4359-4CAD-9620-5A2A2417E6DB}.Debug|Any CPU.Build.0 = Debug|Any CPU
		{9C21EB4C-4359-4CAD-9620-5A2A2417E6DB}.Release|Any CPU.ActiveCfg = Release|Any CPU
		{9C21EB4C-4359-4CAD-9620-5A2A2417E6DB}.Release|Any CPU.Build.0 = Release|Any CPU
		{F5AB7D2F-B03A-43DE-947D-303F8EA81FA3}.Debug|Any CPU.ActiveCfg = Debug|Any CPU
		{F5AB7D2F-B03A-43DE-947D-303F8EA81FA3}.Debug|Any CPU.Build.0 = Debug|Any CPU
		{F5AB7D2F-B03A-43DE-947D-303F8EA81FA3}.Release|Any CPU.ActiveCfg = Release|Any CPU
		{F5AB7D2F-B03A-43DE-947D-303F8EA81FA3}.Release|Any CPU.Build.0 = Release|Any CPU
		{ECFFBC33-D30E-4570-A974-747378826251}.Debug|Any CPU.ActiveCfg = Debug|Any CPU
		{ECFFBC33-D30E-4570-A974-747378826251}.Debug|Any CPU.Build.0 = Debug|Any CPU
		{ECFFBC33-D30E-4570-A974-747378826251}.Release|Any CPU.ActiveCfg = Release|Any CPU
		{ECFFBC33-D30E-4570-A974-747378826251}.Release|Any CPU.Build.0 = Release|Any CPU
		{ACE52CA6-7EDA-47CE-9471-363755BDFE93}.Debug|Any CPU.ActiveCfg = Debug|Any CPU
		{ACE52CA6-7EDA-47CE-9471-363755BDFE93}.Debug|Any CPU.Build.0 = Debug|Any CPU
		{ACE52CA6-7EDA-47CE-9471-363755BDFE93}.Release|Any CPU.ActiveCfg = Release|Any CPU
		{ACE52CA6-7EDA-47CE-9471-363755BDFE93}.Release|Any CPU.Build.0 = Release|Any CPU
		{65A57780-E2DC-4161-923C-21D0CCE2FEDA}.Debug|Any CPU.ActiveCfg = Debug|Any CPU
		{65A57780-E2DC-4161-923C-21D0CCE2FEDA}.Debug|Any CPU.Build.0 = Debug|Any CPU
		{65A57780-E2DC-4161-923C-21D0CCE2FEDA}.Release|Any CPU.ActiveCfg = Release|Any CPU
		{65A57780-E2DC-4161-923C-21D0CCE2FEDA}.Release|Any CPU.Build.0 = Release|Any CPU
		{4669CA2A-8E26-4DBA-9FD4-B44C60198520}.Debug|Any CPU.ActiveCfg = Debug|Any CPU
		{4669CA2A-8E26-4DBA-9FD4-B44C60198520}.Debug|Any CPU.Build.0 = Debug|Any CPU
		{4669CA2A-8E26-4DBA-9FD4-B44C60198520}.Release|Any CPU.ActiveCfg = Release|Any CPU
		{4669CA2A-8E26-4DBA-9FD4-B44C60198520}.Release|Any CPU.Build.0 = Release|Any CPU
		{128EC837-5F43-4A81-9A0C-87435AB0F5A2}.Debug|Any CPU.ActiveCfg = Debug|Any CPU
		{128EC837-5F43-4A81-9A0C-87435AB0F5A2}.Debug|Any CPU.Build.0 = Debug|Any CPU
		{128EC837-5F43-4A81-9A0C-87435AB0F5A2}.Release|Any CPU.ActiveCfg = Release|Any CPU
		{128EC837-5F43-4A81-9A0C-87435AB0F5A2}.Release|Any CPU.Build.0 = Release|Any CPU
		{D6936624-13C7-47EF-B9D2-C1FD24F4721C}.Debug|Any CPU.ActiveCfg = Debug|Any CPU
		{D6936624-13C7-47EF-B9D2-C1FD24F4721C}.Debug|Any CPU.Build.0 = Debug|Any CPU
		{D6936624-13C7-47EF-B9D2-C1FD24F4721C}.Release|Any CPU.ActiveCfg = Release|Any CPU
		{D6936624-13C7-47EF-B9D2-C1FD24F4721C}.Release|Any CPU.Build.0 = Release|Any CPU
		{68713B90-023E-4199-AEA7-7479FF9C2F1A}.Debug|Any CPU.ActiveCfg = Debug|Any CPU
		{68713B90-023E-4199-AEA7-7479FF9C2F1A}.Debug|Any CPU.Build.0 = Debug|Any CPU
		{68713B90-023E-4199-AEA7-7479FF9C2F1A}.Release|Any CPU.ActiveCfg = Release|Any CPU
		{68713B90-023E-4199-AEA7-7479FF9C2F1A}.Release|Any CPU.Build.0 = Release|Any CPU
	EndGlobalSection
	GlobalSection(SolutionProperties) = preSolution
		HideSolutionNode = FALSE
	EndGlobalSection
	GlobalSection(NestedProjects) = preSolution
		{ACE52CA6-7EDA-47CE-9471-363755BDFE93} = {F0A3266E-2B4B-4702-BBF9-391147DF0202}
		{65A57780-E2DC-4161-923C-21D0CCE2FEDA} = {F0A3266E-2B4B-4702-BBF9-391147DF0202}
		{4669CA2A-8E26-4DBA-9FD4-B44C60198520} = {F0A3266E-2B4B-4702-BBF9-391147DF0202}
		{128EC837-5F43-4A81-9A0C-87435AB0F5A2} = {F0A3266E-2B4B-4702-BBF9-391147DF0202}
		{D6936624-13C7-47EF-B9D2-C1FD24F4721C} = {F0A3266E-2B4B-4702-BBF9-391147DF0202}
		{68713B90-023E-4199-AEA7-7479FF9C2F1A} = {F0A3266E-2B4B-4702-BBF9-391147DF0202}
	EndGlobalSection
	GlobalSection(ExtensibilityGlobals) = postSolution
		SolutionGuid = {2D17C1C3-B058-4BE9-987D-E9BF647182DB}
	EndGlobalSection
EndGlobal
